
Microsoft Visual Studio Solution File, Format Version 12.00
# Visual Studio 15
VisualStudioVersion = 15.0.28307.438
MinimumVisualStudioVersion = 10.0.40219.1
Project("{8BC9CEB8-8B4A-11D0-8D11-00A0C91BC942}") = "thread-vs", "thread-vs\thread-vs.vcxproj", "{9FFCE4C0-357A-45F1-AADB-04DE992F22E4}"
EndProject
Project("{8BC9CEB8-8B4A-11D0-8D11-00A0C91BC942}") = "pthread_cond_lock", "pthread_cond_lock\pthread_cond_lock.vcxproj", "{4CF21E0F-5E76-433C-8C71-D998ACD64A41}"
EndProject
Project("{8BC9CEB8-8B4A-11D0-8D11-00A0C91BC942}") = "thread_rw_lock_", "thread_rw_lock_\thread_rw_lock_.vcxproj", "{0C669F6F-4A7F-4DBD-831A-E004D757900F}"
EndProject
Project("{8BC9CEB8-8B4A-11D0-8D11-00A0C91BC942}") = "thread_attr", "thread_attr\thread_attr.vcxproj", "{F605ACCF-2FC9-425D-B7AE-68F6AFE0D012}"
EndProject
Project("{8BC9CEB8-8B4A-11D0-8D11-00A0C91BC942}") = "thread_signal", "thread_signal\thread_signal.vcxproj", "{C47E5230-AE13-49BD-91F8-019FAF4B0663}"
EndProject
Global
	GlobalSection(SolutionConfigurationPlatforms) = preSolution
		Debug|ARM = Debug|ARM
		Debug|ARM64 = Debug|ARM64
		Debug|x64 = Debug|x64
		Debug|x86 = Debug|x86
		Release|ARM = Release|ARM
		Release|ARM64 = Release|ARM64
		Release|x64 = Release|x64
		Release|x86 = Release|x86
	EndGlobalSection
	GlobalSection(ProjectConfigurationPlatforms) = postSolution
		{9FFCE4C0-357A-45F1-AADB-04DE992F22E4}.Debug|ARM.ActiveCfg = Debug|ARM
		{9FFCE4C0-357A-45F1-AADB-04DE992F22E4}.Debug|ARM.Build.0 = Debug|ARM
		{9FFCE4C0-357A-45F1-AADB-04DE992F22E4}.Debug|ARM64.ActiveCfg = Debug|ARM64
		{9FFCE4C0-357A-45F1-AADB-04DE992F22E4}.Debug|ARM64.Build.0 = Debug|ARM64
		{9FFCE4C0-357A-45F1-AADB-04DE992F22E4}.Debug|x64.ActiveCfg = Debug|x64
		{9FFCE4C0-357A-45F1-AADB-04DE992F22E4}.Debug|x64.Build.0 = Debug|x64
		{9FFCE4C0-357A-45F1-AADB-04DE992F22E4}.Debug|x86.ActiveCfg = Debug|x86
		{9FFCE4C0-357A-45F1-AADB-04DE992F22E4}.Debug|x86.Build.0 = Debug|x86
		{9FFCE4C0-357A-45F1-AADB-04DE992F22E4}.Release|ARM.ActiveCfg = Release|ARM
		{9FFCE4C0-357A-45F1-AADB-04DE992F22E4}.Release|ARM.Build.0 = Release|ARM
		{9FFCE4C0-357A-45F1-AADB-04DE992F22E4}.Release|ARM64.ActiveCfg = Release|ARM64
		{9FFCE4C0-357A-45F1-AADB-04DE992F22E4}.Release|ARM64.Build.0 = Release|ARM64
		{9FFCE4C0-357A-45F1-AADB-04DE992F22E4}.Release|x64.ActiveCfg = Release|x64
		{9FFCE4C0-357A-45F1-AADB-04DE992F22E4}.Release|x64.Build.0 = Release|x64
		{9FFCE4C0-357A-45F1-AADB-04DE992F22E4}.Release|x86.ActiveCfg = Release|x86
		{9FFCE4C0-357A-45F1-AADB-04DE992F22E4}.Release|x86.Build.0 = Release|x86
		{4CF21E0F-5E76-433C-8C71-D998ACD64A41}.Debug|ARM.ActiveCfg = Debug|ARM
		{4CF21E0F-5E76-433C-8C71-D998ACD64A41}.Debug|ARM.Build.0 = Debug|ARM
		{4CF21E0F-5E76-433C-8C71-D998ACD64A41}.Debug|ARM64.ActiveCfg = Debug|ARM64
		{4CF21E0F-5E76-433C-8C71-D998ACD64A41}.Debug|ARM64.Build.0 = Debug|ARM64
		{4CF21E0F-5E76-433C-8C71-D998ACD64A41}.Debug|x64.ActiveCfg = Debug|x64
		{4CF21E0F-5E76-433C-8C71-D998ACD64A41}.Debug|x64.Build.0 = Debug|x64
		{4CF21E0F-5E76-433C-8C71-D998ACD64A41}.Debug|x86.ActiveCfg = Debug|x86
		{4CF21E0F-5E76-433C-8C71-D998ACD64A41}.Debug|x86.Build.0 = Debug|x86
		{4CF21E0F-5E76-433C-8C71-D998ACD64A41}.Release|ARM.ActiveCfg = Release|ARM
		{4CF21E0F-5E76-433C-8C71-D998ACD64A41}.Release|ARM.Build.0 = Release|ARM
		{4CF21E0F-5E76-433C-8C71-D998ACD64A41}.Release|ARM64.ActiveCfg = Release|ARM64
		{4CF21E0F-5E76-433C-8C71-D998ACD64A41}.Release|ARM64.Build.0 = Release|ARM64
		{4CF21E0F-5E76-433C-8C71-D998ACD64A41}.Release|x64.ActiveCfg = Release|x64
		{4CF21E0F-5E76-433C-8C71-D998ACD64A41}.Release|x64.Build.0 = Release|x64
		{4CF21E0F-5E76-433C-8C71-D998ACD64A41}.Release|x86.ActiveCfg = Release|x86
		{4CF21E0F-5E76-433C-8C71-D998ACD64A41}.Release|x86.Build.0 = Release|x86
		{0C669F6F-4A7F-4DBD-831A-E004D757900F}.Debug|ARM.ActiveCfg = Debug|ARM
		{0C669F6F-4A7F-4DBD-831A-E004D757900F}.Debug|ARM.Build.0 = Debug|ARM
		{0C669F6F-4A7F-4DBD-831A-E004D757900F}.Debug|ARM64.ActiveCfg = Debug|ARM64
		{0C669F6F-4A7F-4DBD-831A-E004D757900F}.Debug|ARM64.Build.0 = Debug|ARM64
		{0C669F6F-4A7F-4DBD-831A-E004D757900F}.Debug|x64.ActiveCfg = Debug|x64
		{0C669F6F-4A7F-4DBD-831A-E004D757900F}.Debug|x64.Build.0 = Debug|x64
		{0C669F6F-4A7F-4DBD-831A-E004D757900F}.Debug|x86.ActiveCfg = Debug|x86
		{0C669F6F-4A7F-4DBD-831A-E004D757900F}.Debug|x86.Build.0 = Debug|x86
		{0C669F6F-4A7F-4DBD-831A-E004D757900F}.Release|ARM.ActiveCfg = Release|ARM
		{0C669F6F-4A7F-4DBD-831A-E004D757900F}.Release|ARM.Build.0 = Release|ARM
		{0C669F6F-4A7F-4DBD-831A-E004D757900F}.Release|ARM64.ActiveCfg = Release|ARM64
		{0C669F6F-4A7F-4DBD-831A-E004D757900F}.Release|ARM64.Build.0 = Release|ARM64
		{0C669F6F-4A7F-4DBD-831A-E004D757900F}.Release|x64.ActiveCfg = Release|x64
		{0C669F6F-4A7F-4DBD-831A-E004D757900F}.Release|x64.Build.0 = Release|x64
		{0C669F6F-4A7F-4DBD-831A-E004D757900F}.Release|x86.ActiveCfg = Release|x86
		{0C669F6F-4A7F-4DBD-831A-E004D757900F}.Release|x86.Build.0 = Release|x86
		{F605ACCF-2FC9-425D-B7AE-68F6AFE0D012}.Debug|ARM.ActiveCfg = Debug|ARM
		{F605ACCF-2FC9-425D-B7AE-68F6AFE0D012}.Debug|ARM.Build.0 = Debug|ARM
		{F605ACCF-2FC9-425D-B7AE-68F6AFE0D012}.Debug|ARM64.ActiveCfg = Debug|ARM64
		{F605ACCF-2FC9-425D-B7AE-68F6AFE0D012}.Debug|ARM64.Build.0 = Debug|ARM64
		{F605ACCF-2FC9-425D-B7AE-68F6AFE0D012}.Debug|x64.ActiveCfg = Debug|x64
		{F605ACCF-2FC9-425D-B7AE-68F6AFE0D012}.Debug|x64.Build.0 = Debug|x64
		{F605ACCF-2FC9-425D-B7AE-68F6AFE0D012}.Debug|x86.ActiveCfg = Debug|x86
		{F605ACCF-2FC9-425D-B7AE-68F6AFE0D012}.Debug|x86.Build.0 = Debug|x86
		{F605ACCF-2FC9-425D-B7AE-68F6AFE0D012}.Release|ARM.ActiveCfg = Release|ARM
		{F605ACCF-2FC9-425D-B7AE-68F6AFE0D012}.Release|ARM.Build.0 = Release|ARM
		{F605ACCF-2FC9-425D-B7AE-68F6AFE0D012}.Release|ARM64.ActiveCfg = Release|ARM64
		{F605ACCF-2FC9-425D-B7AE-68F6AFE0D012}.Release|ARM64.Build.0 = Release|ARM64
		{F605ACCF-2FC9-425D-B7AE-68F6AFE0D012}.Release|x64.ActiveCfg = Release|x64
		{F605ACCF-2FC9-425D-B7AE-68F6AFE0D012}.Release|x64.Build.0 = Release|x64
		{F605ACCF-2FC9-425D-B7AE-68F6AFE0D012}.Release|x86.ActiveCfg = Release|x86
		{F605ACCF-2FC9-425D-B7AE-68F6AFE0D012}.Release|x86.Build.0 = Release|x86
		{C47E5230-AE13-49BD-91F8-019FAF4B0663}.Debug|ARM.ActiveCfg = Debug|ARM
		{C47E5230-AE13-49BD-91F8-019FAF4B0663}.Debug|ARM.Build.0 = Debug|ARM
		{C47E5230-AE13-49BD-91F8-019FAF4B0663}.Debug|ARM64.ActiveCfg = Debug|ARM64
		{C47E5230-AE13-49BD-91F8-019FAF4B0663}.Debug|ARM64.Build.0 = Debug|ARM64
		{C47E5230-AE13-49BD-91F8-019FAF4B0663}.Debug|x64.ActiveCfg = Debug|x64
		{C47E5230-AE13-49BD-91F8-019FAF4B0663}.Debug|x64.Build.0 = Debug|x64
		{C47E5230-AE13-49BD-91F8-019FAF4B0663}.Debug|x86.ActiveCfg = Debug|x86
		{C47E5230-AE13-49BD-91F8-019FAF4B0663}.Debug|x86.Build.0 = Debug|x86
		{C47E5230-AE13-49BD-91F8-019FAF4B0663}.Release|ARM.ActiveCfg = Release|ARM
		{C47E5230-AE13-49BD-91F8-019FAF4B0663}.Release|ARM.Build.0 = Release|ARM
		{C47E5230-AE13-49BD-91F8-019FAF4B0663}.Release|ARM64.ActiveCfg = Release|ARM64
		{C47E5230-AE13-49BD-91F8-019FAF4B0663}.Release|ARM64.Build.0 = Release|ARM64
		{C47E5230-AE13-49BD-91F8-019FAF4B0663}.Release|x64.ActiveCfg = Release|x64
		{C47E5230-AE13-49BD-91F8-019FAF4B0663}.Release|x64.Build.0 = Release|x64
		{C47E5230-AE13-49BD-91F8-019FAF4B0663}.Release|x86.ActiveCfg = Release|x86
		{C47E5230-AE13-49BD-91F8-019FAF4B0663}.Release|x86.Build.0 = Release|x86
	EndGlobalSection
	GlobalSection(SolutionProperties) = preSolution
		HideSolutionNode = FALSE
	EndGlobalSection
	GlobalSection(ExtensibilityGlobals) = postSolution
		SolutionGuid = {98FE3726-EB93-482D-AF1B-AB1F78CB4FFE}
	EndGlobalSection
EndGlobal
